
Microsoft Visual Studio Solution File, Format Version 12.00
# Visual Studio 2013
VisualStudioVersion = 12.0.40629.0
MinimumVisualStudioVersion = 10.0.40219.1
Project("{8BC9CEB8-8B4A-11D0-8D11-00A0C91BC942}") = "BkBin2Sav-VS2013", "BkBin2Sav-VS2013.vcxproj", "{5A23B616-F7D9-40E6-A8F2-D7749F8B581C}"
EndProject
Global
	GlobalSection(SolutionConfigurationPlatforms) = preSolution
		Debug|Win32 = Debug|Win32
		Release|Win32 = Release|Win32
	EndGlobalSection
	GlobalSection(ProjectConfigurationPlatforms) = postSolution
		{5A23B616-F7D9-40E6-A8F2-D7749F8B581C}.Debug|Win32.ActiveCfg = Debug|Win32
		{5A23B616-F7D9-40E6-A8F2-D7749F8B581C}.Debug|Win32.Build.0 = Debug|Win32
		{5A23B616-F7D9-40E6-A8F2-D7749F8B581C}.Release|Win32.ActiveCfg = Release|Win32
		{5A23B616-F7D9-40E6-A8F2-D7749F8B581C}.Release|Win32.Build.0 = Release|Win32
	EndGlobalSection
	GlobalSection(SolutionProperties) = preSolution
		HideSolutionNode = FALSE
	EndGlobalSection
EndGlobal
