<?xml version="1.0" encoding="utf-8"?>
<Project ToolsVersion="4.0" xmlns="http://schemas.microsoft.com/developer/msbuild/2003">
  <ItemGroup>
    <Filter Include="Source Files">
      <UniqueIdentifier>{4FC737F1-C7A5-4376-A066-2A32D752A2FF}</UniqueIdentifier>
      <Extensions>cpp;c;cc;cxx;def;odl;idl;hpj;bat;asm;asmx</Extensions>
    </Filter>
    <Filter Include="Header Files">
      <UniqueIdentifier>{93995380-89BD-4b04-88EB-625FBE52EBFB}</UniqueIdentifier>
      <Extensions>h;hpp;hxx;hm;inl;inc;xsd</Extensions>
    </Filter>
    <Filter Include="Resource Files">
      <UniqueIdentifier>{67DA6AB6-F800-4c08-8B7A-83BB121AAD01}</UniqueIdentifier>
      <Extensions>rc;ico;cur;bmp;dlg;rc2;rct;bin;rgs;gif;jpg;jpeg;jpe;resx;tiff;tif;png;wav</Extensions>
    </Filter>
  </ItemGroup>
  <ItemGroup>
    <ClCompile Include="Sav2Cart.cpp">
      <Filter>Source Files</Filter>
    </ClCompile>
    <ClCompile Include="LZSS.cpp">
      <Filter>Source Files</Filter>
    </ClCompile>
    <ClCompile Include="LZ4.cpp">
      <Filter>Source Files</Filter>
    </ClCompile>
    <ClCompile Include="Loaders.cpp">
      <Filter>Source Files</Filter>
    </ClCompile>
    <ClCompile Include="lzsa\shrink_inmem.c">
      <Filter>Source Files</Filter>
    </ClCompile>
    <ClCompile Include="lzsa\expand_inmem.c">
      <Filter>Source Files</Filter>
    </ClCompile>
    <ClCompile Include="lzsa\frame.c">
      <Filter>Source Files</Filter>
    </ClCompile>
    <ClCompile Include="lzsa\expand_context.c">
      <Filter>Source Files</Filter>
    </ClCompile>
    <ClCompile Include="lzsa\expand_block_v1.c">
      <Filter>Source Files</Filter>
    </ClCompile>
    <ClCompile Include="lzsa\expand_block_v2.c">
      <Filter>Source Files</Filter>
    </ClCompile>
    <ClCompile Include="lzsa\shrink_context.c">
      <Filter>Source Files</Filter>
    </ClCompile>
    <ClCompile Include="lzsa\shrink_block_v1.c">
      <Filter>Source Files</Filter>
    </ClCompile>
    <ClCompile Include="lzsa\shrink_block_v2.c">
      <Filter>Source Files</Filter>
    </ClCompile>
    <ClCompile Include="lzsa\matchfinder.c">
      <Filter>Source Files</Filter>
    </ClCompile>
    <ClCompile Include="lzsa\divsufsort.c">
      <Filter>Source Files</Filter>
    </ClCompile>
    <ClCompile Include="lzsa\sssort.c">
      <Filter>Source Files</Filter>
    </ClCompile>
    <ClCompile Include="lzsa\trsort.c">
      <Filter>Source Files</Filter>
    </ClCompile>
  </ItemGroup>
  <ItemGroup>
    <ClInclude Include="Sav2Cart.h">
      <Filter>Header Files</Filter>
    </ClInclude>
    <ClInclude Include="lzsa\shrink_inmem.h">
      <Filter>Header Files</Filter>
    </ClInclude>
    <ClInclude Include="lzsa\shrink_context.h">
      <Filter>Header Files</Filter>
    </ClInclude>
    <ClInclude Include="lzsa\format.h">
      <Filter>Header Files</Filter>
    </ClInclude>
    <ClInclude Include="lzsa\frame.h">
      <Filter>Header Files</Filter>
    </ClInclude>
    <ClInclude Include="lzsa\lib.h">
      <Filter>Header Files</Filter>
    </ClInclude>
    <ClInclude Include="lzsa\stream.h">
      <Filter>Header Files</Filter>
    </ClInclude>
    <ClInclude Include="lzsa\dictionary.h">
      <Filter>Header Files</Filter>
    </ClInclude>
    <ClInclude Include="lzsa\expand_context.h">
      <Filter>Header Files</Filter>
    </ClInclude>
    <ClInclude Include="lzsa\shrink_streaming.h">
      <Filter>Header Files</Filter>
    </ClInclude>
    <ClInclude Include="lzsa\expand_inmem.h">
      <Filter>Header Files</Filter>
    </ClInclude>
    <ClInclude Include="lzsa\expand_streaming.h">
      <Filter>Header Files</Filter>
    </ClInclude>
    <ClInclude Include="lzsa\divsufsort.h">
      <Filter>Header Files</Filter>
    </ClInclude>
    <ClInclude Include="lzsa\expand_block_v1.h">
      <Filter>Header Files</Filter>
    </ClInclude>
    <ClInclude Include="lzsa\expand_block_v2.h">
      <Filter>Header Files</Filter>
    </ClInclude>
    <ClInclude Include="lzsa\shrink_block_v1.h">
      <Filter>Header Files</Filter>
    </ClInclude>
    <ClInclude Include="lzsa\shrink_block_v2.h">
      <Filter>Header Files</Filter>
    </ClInclude>
    <ClInclude Include="lzsa\matchfinder.h">
      <Filter>Header Files</Filter>
    </ClInclude>
    <ClInclude Include="lzsa\divsufsort_private.h">
      <Filter>Header Files</Filter>
    </ClInclude>
    <ClInclude Include="lzsa\divsufsort_config.h">
      <Filter>Header Files</Filter>
    </ClInclude>
  </ItemGroup>
</Project>